
Microsoft Visual Studio Solution File, Format Version 12.00
# Visual Studio Version 17
VisualStudioVersion = 17.11.35327.3
MinimumVisualStudioVersion = 10.0.40219.1
Project("{9A19103F-16F7-4668-BE54-9A1E7A4F7556}") = "Morpion", "morpion\Morpion.csproj", "{A5A8BFAE-6A3A-4A4A-977E-A7B89DFE415D}"
EndProject
Project("{9A19103F-16F7-4668-BE54-9A1E7A4F7556}") = "Morpion.UnitTest", "Morpion.UnitTest\Morpion.UnitTest.csproj", "{868FCDB0-EC78-42FB-9FED-7363F1EF2D7A}"
EndProject
Project("{2150E333-8FDC-42A3-9474-1A3956D46DE8}") = "Éléments de solution", "Éléments de solution", "{C26C96C3-55F4-4923-8C5E-C6184F5E7FA5}"
	ProjectSection(SolutionItems) = preProject
		.gitignore = .gitignore
		Readme.md = Readme.md
		sonar-project.properties = sonar-project.properties
	EndProjectSection
EndProject
Project("{2150E333-8FDC-42A3-9474-1A3956D46DE8}") = ".github", ".github", "{86432316-5D4C-4DD7-8448-C74ECA9DB223}"
EndProject
Project("{2150E333-8FDC-42A3-9474-1A3956D46DE8}") = "workflows", "workflows", "{BD8F6D51-FDCD-492E-AAE6-036144E36183}"
	ProjectSection(SolutionItems) = preProject
		ci.yml = ci.yml
	EndProjectSection
EndProject
Global
	GlobalSection(SolutionConfigurationPlatforms) = preSolution
		Debug|Any CPU = Debug|Any CPU
		Release|Any CPU = Release|Any CPU
	EndGlobalSection
	GlobalSection(ProjectConfigurationPlatforms) = postSolution
		{A5A8BFAE-6A3A-4A4A-977E-A7B89DFE415D}.Debug|Any CPU.ActiveCfg = Debug|Any CPU
		{A5A8BFAE-6A3A-4A4A-977E-A7B89DFE415D}.Debug|Any CPU.Build.0 = Debug|Any CPU
		{A5A8BFAE-6A3A-4A4A-977E-A7B89DFE415D}.Release|Any CPU.ActiveCfg = Release|Any CPU
		{A5A8BFAE-6A3A-4A4A-977E-A7B89DFE415D}.Release|Any CPU.Build.0 = Release|Any CPU
		{868FCDB0-EC78-42FB-9FED-7363F1EF2D7A}.Debug|Any CPU.ActiveCfg = Debug|Any CPU
		{868FCDB0-EC78-42FB-9FED-7363F1EF2D7A}.Debug|Any CPU.Build.0 = Debug|Any CPU
		{868FCDB0-EC78-42FB-9FED-7363F1EF2D7A}.Release|Any CPU.ActiveCfg = Release|Any CPU
		{868FCDB0-EC78-42FB-9FED-7363F1EF2D7A}.Release|Any CPU.Build.0 = Release|Any CPU
	EndGlobalSection
	GlobalSection(SolutionProperties) = preSolution
		HideSolutionNode = FALSE
	EndGlobalSection
	GlobalSection(NestedProjects) = preSolution
		{86432316-5D4C-4DD7-8448-C74ECA9DB223} = {C26C96C3-55F4-4923-8C5E-C6184F5E7FA5}
		{BD8F6D51-FDCD-492E-AAE6-036144E36183} = {86432316-5D4C-4DD7-8448-C74ECA9DB223}
	EndGlobalSection
	GlobalSection(ExtensibilityGlobals) = postSolution
		SolutionGuid = {C242355E-9920-4CE6-A5FC-19B0A8FEC586}
	EndGlobalSection
EndGlobal
